// !$*UTF8*$!
{
	archiveVersion = 1;
	classes = {
	};
	objectVersion = 55;
	objects = {

/* Begin PBXBuildFile section */
		5F68DB30287D4F3B0086ABE8 /* AppDelegate.swift in Sources */ = {isa = PBXBuildFile; fileRef = 5F68DB2F287D4F3B0086ABE8 /* AppDelegate.swift */; };
		5F68DB32287D4F3B0086ABE8 /* SceneDelegate.swift in Sources */ = {isa = PBXBuildFile; fileRef = 5F68DB31287D4F3B0086ABE8 /* SceneDelegate.swift */; };
		5F68DB34287D4F3B0086ABE8 /* ViewController.swift in Sources */ = {isa = PBXBuildFile; fileRef = 5F68DB33287D4F3B0086ABE8 /* ViewController.swift */; };
		5F68DB37287D4F3B0086ABE8 /* Main.storyboard in Resources */ = {isa = PBXBuildFile; fileRef = 5F68DB35287D4F3B0086ABE8 /* Main.storyboard */; };
		5F68DB39287D4F3E0086ABE8 /* Assets.xcassets in Resources */ = {isa = PBXBuildFile; fileRef = 5F68DB38287D4F3E0086ABE8 /* Assets.xcassets */; };
		5F68DB3C287D4F3E0086ABE8 /* LaunchScreen.storyboard in Resources */ = {isa = PBXBuildFile; fileRef = 5F68DB3A287D4F3E0086ABE8 /* LaunchScreen.storyboard */; };
		5F68DB47287D4F3E0086ABE8 /* SymbolRollerTests.swift in Sources */ = {isa = PBXBuildFile; fileRef = 5F68DB46287D4F3E0086ABE8 /* SymbolRollerTests.swift */; };
		5F68DB51287D4F3E0086ABE8 /* SymbolRollerUITests.swift in Sources */ = {isa = PBXBuildFile; fileRef = 5F68DB50287D4F3E0086ABE8 /* SymbolRollerUITests.swift */; };
		5F68DB53287D4F3E0086ABE8 /* SymbolRollerUITestsLaunchTests.swift in Sources */ = {isa = PBXBuildFile; fileRef = 5F68DB52287D4F3E0086ABE8 /* SymbolRollerUITestsLaunchTests.swift */; };
/* End PBXBuildFile section */

/* Begin PBXContainerItemProxy section */
		5F68DB43287D4F3E0086ABE8 /* PBXContainerItemProxy */ = {
			isa = PBXContainerItemProxy;
			containerPortal = 5F68DB24287D4F3B0086ABE8 /* Project object */;
			proxyType = 1;
			remoteGlobalIDString = 5F68DB2B287D4F3B0086ABE8;
			remoteInfo = SymbolRoller;
		};
		5F68DB4D287D4F3E0086ABE8 /* PBXContainerItemProxy */ = {
			isa = PBXContainerItemProxy;
			containerPortal = 5F68DB24287D4F3B0086ABE8 /* Project object */;
			proxyType = 1;
			remoteGlobalIDString = 5F68DB2B287D4F3B0086ABE8;
			remoteInfo = SymbolRoller;
		};
/* End PBXContainerItemProxy section */

/* Begin PBXFileReference section */
		5F68DB2C287D4F3B0086ABE8 /* SymbolRoller.app */ = {isa = PBXFileReference; explicitFileType = wrapper.application; includeInIndex = 0; path = SymbolRoller.app; sourceTree = BUILT_PRODUCTS_DIR; };
		5F68DB2F287D4F3B0086ABE8 /* AppDelegate.swift */ = {isa = PBXFileReference; lastKnownFileType = sourcecode.swift; path = AppDelegate.swift; sourceTree = "<group>"; };
		5F68DB31287D4F3B0086ABE8 /* SceneDelegate.swift */ = {isa = PBXFileReference; lastKnownFileType = sourcecode.swift; path = SceneDelegate.swift; sourceTree = "<group>"; };
		5F68DB33287D4F3B0086ABE8 /* ViewController.swift */ = {isa = PBXFileReference; lastKnownFileType = sourcecode.swift; path = ViewController.swift; sourceTree = "<group>"; };
		5F68DB36287D4F3B0086ABE8 /* Base */ = {isa = PBXFileReference; lastKnownFileType = file.storyboard; name = Base; path = Base.lproj/Main.storyboard; sourceTree = "<group>"; };
		5F68DB38287D4F3E0086ABE8 /* Assets.xcassets */ = {isa = PBXFileReference; lastKnownFileType = folder.assetcatalog; path = Assets.xcassets; sourceTree = "<group>"; };
		5F68DB3B287D4F3E0086ABE8 /* Base */ = {isa = PBXFileReference; lastKnownFileType = file.storyboard; name = Base; path = Base.lproj/LaunchScreen.storyboard; sourceTree = "<group>"; };
		5F68DB3D287D4F3E0086ABE8 /* Info.plist */ = {isa = PBXFileReference; lastKnownFileType = text.plist.xml; path = Info.plist; sourceTree = "<group>"; };
		5F68DB42287D4F3E0086ABE8 /* SymbolRollerTests.xctest */ = {isa = PBXFileReference; explicitFileType = wrapper.cfbundle; includeInIndex = 0; path = SymbolRollerTests.xctest; sourceTree = BUILT_PRODUCTS_DIR; };
		5F68DB46287D4F3E0086ABE8 /* SymbolRollerTests.swift */ = {isa = PBXFileReference; lastKnownFileType = sourcecode.swift; path = SymbolRollerTests.swift; sourceTree = "<group>"; };
		5F68DB4C287D4F3E0086ABE8 /* SymbolRollerUITests.xctest */ = {isa = PBXFileReference; explicitFileType = wrapper.cfbundle; includeInIndex = 0; path = SymbolRollerUITests.xctest; sourceTree = BUILT_PRODUCTS_DIR; };
		5F68DB50287D4F3E0086ABE8 /* SymbolRollerUITests.swift */ = {isa = PBXFileReference; lastKnownFileType = sourcecode.swift; path = SymbolRollerUITests.swift; sourceTree = "<group>"; };
		5F68DB52287D4F3E0086ABE8 /* SymbolRollerUITestsLaunchTests.swift */ = {isa = PBXFileReference; lastKnownFileType = sourcecode.swift; path = SymbolRollerUITestsLaunchTests.swift; sourceTree = "<group>"; };
/* End PBXFileReference section */

/* Begin PBXFrameworksBuildPhase section */
		5F68DB29287D4F3B0086ABE8 /* Frameworks */ = {
			isa = PBXFrameworksBuildPhase;
			buildActionMask = 2147483647;
			files = (
			);
			runOnlyForDeploymentPostprocessing = 0;
		};
		5F68DB3F287D4F3E0086ABE8 /* Frameworks */ = {
			isa = PBXFrameworksBuildPhase;
			buildActionMask = 2147483647;
			files = (
			);
			runOnlyForDeploymentPostprocessing = 0;
		};
		5F68DB49287D4F3E0086ABE8 /* Frameworks */ = {
			isa = PBXFrameworksBuildPhase;
			buildActionMask = 2147483647;
			files = (
			);
			runOnlyForDeploymentPostprocessing = 0;
		};
/* End PBXFrameworksBuildPhase section */

/* Begin PBXGroup section */
		5F68DB23287D4F3B0086ABE8 = {
			isa = PBXGroup;
			children = (
				5F68DB2E287D4F3B0086ABE8 /* SymbolRoller */,
				5F68DB45287D4F3E0086ABE8 /* SymbolRollerTests */,
				5F68DB4F287D4F3E0086ABE8 /* SymbolRollerUITests */,
				5F68DB2D287D4F3B0086ABE8 /* Products */,
			);
			sourceTree = "<group>";
		};
		5F68DB2D287D4F3B0086ABE8 /* Products */ = {
			isa = PBXGroup;
			children = (
				5F68DB2C287D4F3B0086ABE8 /* SymbolRoller.app */,
				5F68DB42287D4F3E0086ABE8 /* SymbolRollerTests.xctest */,
				5F68DB4C287D4F3E0086ABE8 /* SymbolRollerUITests.xctest */,
			);
			name = Products;
			sourceTree = "<group>";
		};
		5F68DB2E287D4F3B0086ABE8 /* SymbolRoller */ = {
			isa = PBXGroup;
			children = (
				5F68DB2F287D4F3B0086ABE8 /* AppDelegate.swift */,
				5F68DB31287D4F3B0086ABE8 /* SceneDelegate.swift */,
				5F68DB33287D4F3B0086ABE8 /* ViewController.swift */,
				5F68DB35287D4F3B0086ABE8 /* Main.storyboard */,
				5F68DB38287D4F3E0086ABE8 /* Assets.xcassets */,
				5F68DB3A287D4F3E0086ABE8 /* LaunchScreen.storyboard */,
				5F68DB3D287D4F3E0086ABE8 /* Info.plist */,
			);
			path = SymbolRoller;
			sourceTree = "<group>";
		};
		5F68DB45287D4F3E0086ABE8 /* SymbolRollerTests */ = {
			isa = PBXGroup;
			children = (
				5F68DB46287D4F3E0086ABE8 /* SymbolRollerTests.swift */,
			);
			path = SymbolRollerTests;
			sourceTree = "<group>";
		};
		5F68DB4F287D4F3E0086ABE8 /* SymbolRollerUITests */ = {
			isa = PBXGroup;
			children = (
				5F68DB50287D4F3E0086ABE8 /* SymbolRollerUITests.swift */,
				5F68DB52287D4F3E0086ABE8 /* SymbolRollerUITestsLaunchTests.swift */,
			);
			path = SymbolRollerUITests;
			sourceTree = "<group>";
		};
/* End PBXGroup section */

/* Begin PBXNativeTarget section */
		5F68DB2B287D4F3B0086ABE8 /* SymbolRoller */ = {
			isa = PBXNativeTarget;
			buildConfigurationList = 5F68DB56287D4F3E0086ABE8 /* Build configuration list for PBXNativeTarget "SymbolRoller" */;
			buildPhases = (
				5F68DB28287D4F3B0086ABE8 /* Sources */,
				5F68DB29287D4F3B0086ABE8 /* Frameworks */,
				5F68DB2A287D4F3B0086ABE8 /* Resources */,
			);
			buildRules = (
			);
			dependencies = (
			);
			name = SymbolRoller;
			productName = SymbolRoller;
			productReference = 5F68DB2C287D4F3B0086ABE8 /* SymbolRoller.app */;
			productType = "com.apple.product-type.application";
		};
		5F68DB41287D4F3E0086ABE8 /* SymbolRollerTests */ = {
			isa = PBXNativeTarget;
			buildConfigurationList = 5F68DB59287D4F3E0086ABE8 /* Build configuration list for PBXNativeTarget "SymbolRollerTests" */;
			buildPhases = (
				5F68DB3E287D4F3E0086ABE8 /* Sources */,
				5F68DB3F287D4F3E0086ABE8 /* Frameworks */,
				5F68DB40287D4F3E0086ABE8 /* Resources */,
			);
			buildRules = (
			);
			dependencies = (
				5F68DB44287D4F3E0086ABE8 /* PBXTargetDependency */,
			);
			name = SymbolRollerTests;
			productName = SymbolRollerTests;
			productReference = 5F68DB42287D4F3E0086ABE8 /* SymbolRollerTests.xctest */;
			productType = "com.apple.product-type.bundle.unit-test";
		};
		5F68DB4B287D4F3E0086ABE8 /* SymbolRollerUITests */ = {
			isa = PBXNativeTarget;
			buildConfigurationList = 5F68DB5C287D4F3E0086ABE8 /* Build configuration list for PBXNativeTarget "SymbolRollerUITests" */;
			buildPhases = (
				5F68DB48287D4F3E0086ABE8 /* Sources */,
				5F68DB49287D4F3E0086ABE8 /* Frameworks */,
				5F68DB4A287D4F3E0086ABE8 /* Resources */,
			);
			buildRules = (
			);
			dependencies = (
				5F68DB4E287D4F3E0086ABE8 /* PBXTargetDependency */,
			);
			name = SymbolRollerUITests;
			productName = SymbolRollerUITests;
			productReference = 5F68DB4C287D4F3E0086ABE8 /* SymbolRollerUITests.xctest */;
			productType = "com.apple.product-type.bundle.ui-testing";
		};
/* End PBXNativeTarget section */

/* Begin PBXProject section */
		5F68DB24287D4F3B0086ABE8 /* Project object */ = {
			isa = PBXProject;
			attributes = {
				BuildIndependentTargetsInParallel = 1;
				LastSwiftUpdateCheck = 1340;
				LastUpgradeCheck = 1340;
				TargetAttributes = {
					5F68DB2B287D4F3B0086ABE8 = {
						CreatedOnToolsVersion = 13.4.1;
					};
					5F68DB41287D4F3E0086ABE8 = {
						CreatedOnToolsVersion = 13.4.1;
						TestTargetID = 5F68DB2B287D4F3B0086ABE8;
					};
					5F68DB4B287D4F3E0086ABE8 = {
						CreatedOnToolsVersion = 13.4.1;
						TestTargetID = 5F68DB2B287D4F3B0086ABE8;
					};
				};
			};
			buildConfigurationList = 5F68DB27287D4F3B0086ABE8 /* Build configuration list for PBXProject "SymbolRoller" */;
			compatibilityVersion = "Xcode 13.0";
			developmentRegion = en;
			hasScannedForEncodings = 0;
			knownRegions = (
				en,
				Base,
			);
			mainGroup = 5F68DB23287D4F3B0086ABE8;
			productRefGroup = 5F68DB2D287D4F3B0086ABE8 /* Products */;
			projectDirPath = "";
			projectRoot = "";
			targets = (
				5F68DB2B287D4F3B0086ABE8 /* SymbolRoller */,
				5F68DB41287D4F3E0086ABE8 /* SymbolRollerTests */,
				5F68DB4B287D4F3E0086ABE8 /* SymbolRollerUITests */,
			);
		};
/* End PBXProject section */

/* Begin PBXResourcesBuildPhase section */
		5F68DB2A287D4F3B0086ABE8 /* Resources */ = {
			isa = PBXResourcesBuildPhase;
			buildActionMask = 2147483647;
			files = (
				5F68DB3C287D4F3E0086ABE8 /* LaunchScreen.storyboard in Resources */,
				5F68DB39287D4F3E0086ABE8 /* Assets.xcassets in Resources */,
				5F68DB37287D4F3B0086ABE8 /* Main.storyboard in Resources */,
			);
			runOnlyForDeploymentPostprocessing = 0;
		};
		5F68DB40287D4F3E0086ABE8 /* Resources */ = {
			isa = PBXResourcesBuildPhase;
			buildActionMask = 2147483647;
			files = (
			);
			runOnlyForDeploymentPostprocessing = 0;
		};
		5F68DB4A287D4F3E0086ABE8 /* Resources */ = {
			isa = PBXResourcesBuildPhase;
			buildActionMask = 2147483647;
			files = (
			);
			runOnlyForDeploymentPostprocessing = 0;
		};
/* End PBXResourcesBuildPhase section */

/* Begin PBXSourcesBuildPhase section */
		5F68DB28287D4F3B0086ABE8 /* Sources */ = {
			isa = PBXSourcesBuildPhase;
			buildActionMask = 2147483647;
			files = (
				5F68DB34287D4F3B0086ABE8 /* ViewController.swift in Sources */,
				5F68DB30287D4F3B0086ABE8 /* AppDelegate.swift in Sources */,
				5F68DB32287D4F3B0086ABE8 /* SceneDelegate.swift in Sources */,
			);
			runOnlyForDeploymentPostprocessing = 0;
		};
		5F68DB3E287D4F3E0086ABE8 /* Sources */ = {
			isa = PBXSourcesBuildPhase;
			buildActionMask = 2147483647;
			files = (
				5F68DB47287D4F3E0086ABE8 /* SymbolRollerTests.swift in Sources */,
			);
			runOnlyForDeploymentPostprocessing = 0;
		};
		5F68DB48287D4F3E0086ABE8 /* Sources */ = {
			isa = PBXSourcesBuildPhase;
			buildActionMask = 2147483647;
			files = (
				5F68DB53287D4F3E0086ABE8 /* SymbolRollerUITestsLaunchTests.swift in Sources */,
				5F68DB51287D4F3E0086ABE8 /* SymbolRollerUITests.swift in Sources */,
			);
			runOnlyForDeploymentPostprocessing = 0;
		};
/* End PBXSourcesBuildPhase section */

/* Begin PBXTargetDependency section */
		5F68DB44287D4F3E0086ABE8 /* PBXTargetDependency */ = {
			isa = PBXTargetDependency;
			target = 5F68DB2B287D4F3B0086ABE8 /* SymbolRoller */;
			targetProxy = 5F68DB43287D4F3E0086ABE8 /* PBXContainerItemProxy */;
		};
		5F68DB4E287D4F3E0086ABE8 /* PBXTargetDependency */ = {
			isa = PBXTargetDependency;
			target = 5F68DB2B287D4F3B0086ABE8 /* SymbolRoller */;
			targetProxy = 5F68DB4D287D4F3E0086ABE8 /* PBXContainerItemProxy */;
		};
/* End PBXTargetDependency section */

/* Begin PBXVariantGroup section */
		5F68DB35287D4F3B0086ABE8 /* Main.storyboard */ = {
			isa = PBXVariantGroup;
			children = (
				5F68DB36287D4F3B0086ABE8 /* Base */,
			);
			name = Main.storyboard;
			sourceTree = "<group>";
		};
		5F68DB3A287D4F3E0086ABE8 /* LaunchScreen.storyboard */ = {
			isa = PBXVariantGroup;
			children = (
				5F68DB3B287D4F3E0086ABE8 /* Base */,
			);
			name = LaunchScreen.storyboard;
			sourceTree = "<group>";
		};
/* End PBXVariantGroup section */

/* Begin XCBuildConfiguration section */
		5F68DB54287D4F3E0086ABE8 /* Debug */ = {
			isa = XCBuildConfiguration;
			buildSettings = {
				ALWAYS_SEARCH_USER_PATHS = NO;
				CLANG_ANALYZER_NONNULL = YES;
				CLANG_ANALYZER_NUMBER_OBJECT_CONVERSION = YES_AGGRESSIVE;
				CLANG_CXX_LANGUAGE_STANDARD = "gnu++17";
				CLANG_ENABLE_MODULES = YES;
				CLANG_ENABLE_OBJC_ARC = YES;
				CLANG_ENABLE_OBJC_WEAK = YES;
				CLANG_WARN_BLOCK_CAPTURE_AUTORELEASING = YES;
				CLANG_WARN_BOOL_CONVERSION = YES;
				CLANG_WARN_COMMA = YES;
				CLANG_WARN_CONSTANT_CONVERSION = YES;
				CLANG_WARN_DEPRECATED_OBJC_IMPLEMENTATIONS = YES;
				CLANG_WARN_DIRECT_OBJC_ISA_USAGE = YES_ERROR;
				CLANG_WARN_DOCUMENTATION_COMMENTS = YES;
				CLANG_WARN_EMPTY_BODY = YES;
				CLANG_WARN_ENUM_CONVERSION = YES;
				CLANG_WARN_INFINITE_RECURSION = YES;
				CLANG_WARN_INT_CONVERSION = YES;
				CLANG_WARN_NON_LITERAL_NULL_CONVERSION = YES;
				CLANG_WARN_OBJC_IMPLICIT_RETAIN_SELF = YES;
				CLANG_WARN_OBJC_LITERAL_CONVERSION = YES;
				CLANG_WARN_OBJC_ROOT_CLASS = YES_ERROR;
				CLANG_WARN_QUOTED_INCLUDE_IN_FRAMEWORK_HEADER = YES;
				CLANG_WARN_RANGE_LOOP_ANALYSIS = YES;
				CLANG_WARN_STRICT_PROTOTYPES = YES;
				CLANG_WARN_SUSPICIOUS_MOVE = YES;
				CLANG_WARN_UNGUARDED_AVAILABILITY = YES_AGGRESSIVE;
				CLANG_WARN_UNREACHABLE_CODE = YES;
				CLANG_WARN__DUPLICATE_METHOD_MATCH = YES;
				COPY_PHASE_STRIP = NO;
				DEBUG_INFORMATION_FORMAT = dwarf;
				ENABLE_STRICT_OBJC_MSGSEND = YES;
				ENABLE_TESTABILITY = YES;
				GCC_C_LANGUAGE_STANDARD = gnu11;
				GCC_DYNAMIC_NO_PIC = NO;
				GCC_NO_COMMON_BLOCKS = YES;
				GCC_OPTIMIZATION_LEVEL = 0;
				GCC_PREPROCESSOR_DEFINITIONS = (
					"DEBUG=1",
					"$(inherited)",
				);
				GCC_WARN_64_TO_32_BIT_CONVERSION = YES;
				GCC_WARN_ABOUT_RETURN_TYPE = YES_ERROR;
				GCC_WARN_UNDECLARED_SELECTOR = YES;
				GCC_WARN_UNINITIALIZED_AUTOS = YES_AGGRESSIVE;
				GCC_WARN_UNUSED_FUNCTION = YES;
				GCC_WARN_UNUSED_VARIABLE = YES;
				IPHONEOS_DEPLOYMENT_TARGET = 15.5;
				MTL_ENABLE_DEBUG_INFO = INCLUDE_SOURCE;
				MTL_FAST_MATH = YES;
				ONLY_ACTIVE_ARCH = YES;
				SDKROOT = iphoneos;
				SWIFT_ACTIVE_COMPILATION_CONDITIONS = DEBUG;
				SWIFT_OPTIMIZATION_LEVEL = "-Onone";
			};
			name = Debug;
		};
		5F68DB55287D4F3E0086ABE8 /* Release */ = {
			isa = XCBuildConfiguration;
			buildSettings = {
				ALWAYS_SEARCH_USER_PATHS = NO;
				CLANG_ANALYZER_NONNULL = YES;
				CLANG_ANALYZER_NUMBER_OBJECT_CONVERSION = YES_AGGRESSIVE;
				CLANG_CXX_LANGUAGE_STANDARD = "gnu++17";
				CLANG_ENABLE_MODULES = YES;
				CLANG_ENABLE_OBJC_ARC = YES;
				CLANG_ENABLE_OBJC_WEAK = YES;
				CLANG_WARN_BLOCK_CAPTURE_AUTORELEASING = YES;
				CLANG_WARN_BOOL_CONVERSION = YES;
				CLANG_WARN_COMMA = YES;
				CLANG_WARN_CONSTANT_CONVERSION = YES;
				CLANG_WARN_DEPRECATED_OBJC_IMPLEMENTATIONS = YES;
				CLANG_WARN_DIRECT_OBJC_ISA_USAGE = YES_ERROR;
				CLANG_WARN_DOCUMENTATION_COMMENTS = YES;
				CLANG_WARN_EMPTY_BODY = YES;
				CLANG_WARN_ENUM_CONVERSION = YES;
				CLANG_WARN_INFINITE_RECURSION = YES;
				CLANG_WARN_INT_CONVERSION = YES;
				CLANG_WARN_NON_LITERAL_NULL_CONVERSION = YES;
				CLANG_WARN_OBJC_IMPLICIT_RETAIN_SELF = YES;
				CLANG_WARN_OBJC_LITERAL_CONVERSION = YES;
				CLANG_WARN_OBJC_ROOT_CLASS = YES_ERROR;
				CLANG_WARN_QUOTED_INCLUDE_IN_FRAMEWORK_HEADER = YES;
				CLANG_WARN_RANGE_LOOP_ANALYSIS = YES;
				CLANG_WARN_STRICT_PROTOTYPES = YES;
				CLANG_WARN_SUSPICIOUS_MOVE = YES;
				CLANG_WARN_UNGUARDED_AVAILABILITY = YES_AGGRESSIVE;
				CLANG_WARN_UNREACHABLE_CODE = YES;
				CLANG_WARN__DUPLICATE_METHOD_MATCH = YES;
				COPY_PHASE_STRIP = NO;
				DEBUG_INFORMATION_FORMAT = "dwarf-with-dsym";
				ENABLE_NS_ASSERTIONS = NO;
				ENABLE_STRICT_OBJC_MSGSEND = YES;
				GCC_C_LANGUAGE_STANDARD = gnu11;
				GCC_NO_COMMON_BLOCKS = YES;
				GCC_WARN_64_TO_32_BIT_CONVERSION = YES;
				GCC_WARN_ABOUT_RETURN_TYPE = YES_ERROR;
				GCC_WARN_UNDECLARED_SELECTOR = YES;
				GCC_WARN_UNINITIALIZED_AUTOS = YES_AGGRESSIVE;
				GCC_WARN_UNUSED_FUNCTION = YES;
				GCC_WARN_UNUSED_VARIABLE = YES;
				IPHONEOS_DEPLOYMENT_TARGET = 15.5;
				MTL_ENABLE_DEBUG_INFO = NO;
				MTL_FAST_MATH = YES;
				SDKROOT = iphoneos;
				SWIFT_COMPILATION_MODE = wholemodule;
				SWIFT_OPTIMIZATION_LEVEL = "-O";
				VALIDATE_PRODUCT = YES;
			};
			name = Release;
		};
		5F68DB57287D4F3E0086ABE8 /* Debug */ = {
			isa = XCBuildConfiguration;
			buildSettings = {
				ASSETCATALOG_COMPILER_APPICON_NAME = AppIcon;
				ASSETCATALOG_COMPILER_GLOBAL_ACCENT_COLOR_NAME = AccentColor;
				CODE_SIGN_STYLE = Automatic;
				CURRENT_PROJECT_VERSION = 1;
				DEVELOPMENT_TEAM = B4BTF394JA;
				GENERATE_INFOPLIST_FILE = YES;
				INFOPLIST_FILE = SymbolRoller/Info.plist;
				INFOPLIST_KEY_UIApplicationSupportsIndirectInputEvents = YES;
				INFOPLIST_KEY_UILaunchStoryboardName = LaunchScreen;
				INFOPLIST_KEY_UIMainStoryboardFile = Main;
				INFOPLIST_KEY_UISupportedInterfaceOrientations_iPad = "UIInterfaceOrientationPortrait UIInterfaceOrientationPortraitUpsideDown UIInterfaceOrientationLandscapeLeft UIInterfaceOrientationLandscapeRight";
				INFOPLIST_KEY_UISupportedInterfaceOrientations_iPhone = "UIInterfaceOrientationPortrait UIInterfaceOrientationLandscapeLeft UIInterfaceOrientationLandscapeRight";
				LD_RUNPATH_SEARCH_PATHS = (
					"$(inherited)",
					"@executable_path/Frameworks",
				);
				MARKETING_VERSION = 1.0;
				PRODUCT_BUNDLE_IDENTIFIER = com.torinunna.SymbolRoller;
				PRODUCT_NAME = "$(TARGET_NAME)";
				SWIFT_EMIT_LOC_STRINGS = YES;
				SWIFT_VERSION = 5.0;
				TARGETED_DEVICE_FAMILY = "1,2";
			};
			name = Debug;
		};
		5F68DB58287D4F3E0086ABE8 /* Release */ = {
			isa = XCBuildConfiguration;
			buildSettings = {
				ASSETCATALOG_COMPILER_APPICON_NAME = AppIcon;
				ASSETCATALOG_COMPILER_GLOBAL_ACCENT_COLOR_NAME = AccentColor;
				CODE_SIGN_STYLE = Automatic;
				CURRENT_PROJECT_VERSION = 1;
				DEVELOPMENT_TEAM = B4BTF394JA;
				GENERATE_INFOPLIST_FILE = YES;
				INFOPLIST_FILE = SymbolRoller/Info.plist;
				INFOPLIST_KEY_UIApplicationSupportsIndirectInputEvents = YES;
				INFOPLIST_KEY_UILaunchStoryboardName = LaunchScreen;
				INFOPLIST_KEY_UIMainStoryboardFile = Main;
				INFOPLIST_KEY_UISupportedInterfaceOrientations_iPad = "UIInterfaceOrientationPortrait UIInterfaceOrientationPortraitUpsideDown UIInterfaceOrientationLandscapeLeft UIInterfaceOrientationLandscapeRight";
				INFOPLIST_KEY_UISupportedInterfaceOrientations_iPhone = "UIInterfaceOrientationPortrait UIInterfaceOrientationLandscapeLeft UIInterfaceOrientationLandscapeRight";
				LD_RUNPATH_SEARCH_PATHS = (
					"$(inherited)",
					"@executable_path/Frameworks",
				);
				MARKETING_VERSION = 1.0;
				PRODUCT_BUNDLE_IDENTIFIER = com.torinunna.SymbolRoller;
				PRODUCT_NAME = "$(TARGET_NAME)";
				SWIFT_EMIT_LOC_STRINGS = YES;
				SWIFT_VERSION = 5.0;
				TARGETED_DEVICE_FAMILY = "1,2";
			};
			name = Release;
		};
		5F68DB5A287D4F3E0086ABE8 /* Debug */ = {
			isa = XCBuildConfiguration;
			buildSettings = {
				ALWAYS_EMBED_SWIFT_STANDARD_LIBRARIES = YES;
				BUNDLE_LOADER = "$(TEST_HOST)";
				CODE_SIGN_STYLE = Automatic;
				CURRENT_PROJECT_VERSION = 1;
				DEVELOPMENT_TEAM = B4BTF394JA;
				GENERATE_INFOPLIST_FILE = YES;
				IPHONEOS_DEPLOYMENT_TARGET = 15.5;
				MARKETING_VERSION = 1.0;
				PRODUCT_BUNDLE_IDENTIFIER = com.torinunna.SymbolRollerTests;
				PRODUCT_NAME = "$(TARGET_NAME)";
				SWIFT_EMIT_LOC_STRINGS = NO;
				SWIFT_VERSION = 5.0;
				TARGETED_DEVICE_FAMILY = "1,2";
				TEST_HOST = "$(BUILT_PRODUCTS_DIR)/SymbolRoller.app/SymbolRoller";
			};
			name = Debug;
		};
		5F68DB5B287D4F3E0086ABE8 /* Release */ = {
			isa = XCBuildConfiguration;
			buildSettings = {
				ALWAYS_EMBED_SWIFT_STANDARD_LIBRARIES = YES;
				BUNDLE_LOADER = "$(TEST_HOST)";
				CODE_SIGN_STYLE = Automatic;
				CURRENT_PROJECT_VERSION = 1;
				DEVELOPMENT_TEAM = B4BTF394JA;
				GENERATE_INFOPLIST_FILE = YES;
				IPHONEOS_DEPLOYMENT_TARGET = 15.5;
				MARKETING_VERSION = 1.0;
				PRODUCT_BUNDLE_IDENTIFIER = com.torinunna.SymbolRollerTests;
				PRODUCT_NAME = "$(TARGET_NAME)";
				SWIFT_EMIT_LOC_STRINGS = NO;
				SWIFT_VERSION = 5.0;
				TARGETED_DEVICE_FAMILY = "1,2";
				TEST_HOST = "$(BUILT_PRODUCTS_DIR)/SymbolRoller.app/SymbolRoller";
			};
			name = Release;
		};
		5F68DB5D287D4F3E0086ABE8 /* Debug */ = {
			isa = XCBuildConfiguration;
			buildSettings = {
				ALWAYS_EMBED_SWIFT_STANDARD_LIBRARIES = YES;
				CODE_SIGN_STYLE = Automatic;
				CURRENT_PROJECT_VERSION = 1;
				DEVELOPMENT_TEAM = B4BTF394JA;
				GENERATE_INFOPLIST_FILE = YES;
				MARKETING_VERSION = 1.0;
				PRODUCT_BUNDLE_IDENTIFIER = com.torinunna.SymbolRollerUITests;
				PRODUCT_NAME = "$(TARGET_NAME)";
				SWIFT_EMIT_LOC_STRINGS = NO;
				SWIFT_VERSION = 5.0;
				TARGETED_DEVICE_FAMILY = "1,2";
				TEST_TARGET_NAME = SymbolRoller;
			};
			name = Debug;
		};
		5F68DB5E287D4F3E0086ABE8 /* Release */ = {
			isa = XCBuildConfiguration;
			buildSettings = {
				ALWAYS_EMBED_SWIFT_STANDARD_LIBRARIES = YES;
				CODE_SIGN_STYLE = Automatic;
				CURRENT_PROJECT_VERSION = 1;
				DEVELOPMENT_TEAM = B4BTF394JA;
				GENERATE_INFOPLIST_FILE = YES;
				MARKETING_VERSION = 1.0;
				PRODUCT_BUNDLE_IDENTIFIER = com.torinunna.SymbolRollerUITests;
				PRODUCT_NAME = "$(TARGET_NAME)";
				SWIFT_EMIT_LOC_STRINGS = NO;
				SWIFT_VERSION = 5.0;
				TARGETED_DEVICE_FAMILY = "1,2";
				TEST_TARGET_NAME = SymbolRoller;
			};
			name = Release;
		};
/* End XCBuildConfiguration section */

/* Begin XCConfigurationList section */
		5F68DB27287D4F3B0086ABE8 /* Build configuration list for PBXProject "SymbolRoller" */ = {
			isa = XCConfigurationList;
			buildConfigurations = (
				5F68DB54287D4F3E0086ABE8 /* Debug */,
				5F68DB55287D4F3E0086ABE8 /* Release */,
			);
			defaultConfigurationIsVisible = 0;
			defaultConfigurationName = Release;
		};
		5F68DB56287D4F3E0086ABE8 /* Build configuration list for PBXNativeTarget "SymbolRoller" */ = {
			isa = XCConfigurationList;
			buildConfigurations = (
				5F68DB57287D4F3E0086ABE8 /* Debug */,
				5F68DB58287D4F3E0086ABE8 /* Release */,
			);
			defaultConfigurationIsVisible = 0;
			defaultConfigurationName = Release;
		};
		5F68DB59287D4F3E0086ABE8 /* Build configuration list for PBXNativeTarget "SymbolRollerTests" */ = {
			isa = XCConfigurationList;
			buildConfigurations = (
				5F68DB5A287D4F3E0086ABE8 /* Debug */,
				5F68DB5B287D4F3E0086ABE8 /* Release */,
			);
			defaultConfigurationIsVisible = 0;
			defaultConfigurationName = Release;
		};
		5F68DB5C287D4F3E0086ABE8 /* Build configuration list for PBXNativeTarget "SymbolRollerUITests" */ = {
			isa = XCConfigurationList;
			buildConfigurations = (
				5F68DB5D287D4F3E0086ABE8 /* Debug */,
				5F68DB5E287D4F3E0086ABE8 /* Release */,
			);
			defaultConfigurationIsVisible = 0;
			defaultConfigurationName = Release;
		};
/* End XCConfigurationList section */
	};
	rootObject = 5F68DB24287D4F3B0086ABE8 /* Project object */;
}
